// !$*UTF8*$!
{
	archiveVersion = 1;
	classes = {
	};
	objectVersion = 55;
	objects = {

/* Begin PBXBuildFile section */
		006058D627CE432700484645 /* AppDelegate.m in Sources */ = {isa = PBXBuildFile; fileRef = 006058D527CE432700484645 /* AppDelegate.m */; };
		006058DC27CE432700484645 /* ViewController.m in Sources */ = {isa = PBXBuildFile; fileRef = 006058DB27CE432700484645 /* ViewController.m */; };
		006058DF27CE432700484645 /* Main.storyboard in Resources */ = {isa = PBXBuildFile; fileRef = 006058DD27CE432700484645 /* Main.storyboard */; };
		006058E127CE432900484645 /* Assets.xcassets in Resources */ = {isa = PBXBuildFile; fileRef = 006058E027CE432900484645 /* Assets.xcassets */; };
		006058E427CE432900484645 /* LaunchScreen.storyboard in Resources */ = {isa = PBXBuildFile; fileRef = 006058E227CE432900484645 /* LaunchScreen.storyboard */; };
		006058E727CE432900484645 /* main.m in Sources */ = {isa = PBXBuildFile; fileRef = 006058E627CE432900484645 /* main.m */; };
		006058EF27CE441F00484645 /* InSideController.m in Sources */ = {isa = PBXBuildFile; fileRef = 006058EE27CE441F00484645 /* InSideController.m */; };
		006058F227CE443000484645 /* OutSideController.m in Sources */ = {isa = PBXBuildFile; fileRef = 006058F127CE443000484645 /* OutSideController.m */; };
		B35AF1D32878B785CCD16761 /* Pods_Test360LookCar.framework in Frameworks */ = {isa = PBXBuildFile; fileRef = 366D172B42731EECC8C8BBE7 /* Pods_Test360LookCar.framework */; };
/* End PBXBuildFile section */

/* Begin PBXFileReference section */
		006058D127CE432700484645 /* Test360LookCar.app */ = {isa = PBXFileReference; explicitFileType = wrapper.application; includeInIndex = 0; path = Test360LookCar.app; sourceTree = BUILT_PRODUCTS_DIR; };
		006058D427CE432700484645 /* AppDelegate.h */ = {isa = PBXFileReference; lastKnownFileType = sourcecode.c.h; path = AppDelegate.h; sourceTree = "<group>"; };
		006058D527CE432700484645 /* AppDelegate.m */ = {isa = PBXFileReference; lastKnownFileType = sourcecode.c.objc; path = AppDelegate.m; sourceTree = "<group>"; };
		006058DA27CE432700484645 /* ViewController.h */ = {isa = PBXFileReference; lastKnownFileType = sourcecode.c.h; path = ViewController.h; sourceTree = "<group>"; };
		006058DB27CE432700484645 /* ViewController.m */ = {isa = PBXFileReference; lastKnownFileType = sourcecode.c.objc; path = ViewController.m; sourceTree = "<group>"; };
		006058DE27CE432700484645 /* Base */ = {isa = PBXFileReference; lastKnownFileType = file.storyboard; name = Base; path = Base.lproj/Main.storyboard; sourceTree = "<group>"; };
		006058E027CE432900484645 /* Assets.xcassets */ = {isa = PBXFileReference; lastKnownFileType = folder.assetcatalog; path = Assets.xcassets; sourceTree = "<group>"; };
		006058E327CE432900484645 /* Base */ = {isa = PBXFileReference; lastKnownFileType = file.storyboard; name = Base; path = Base.lproj/LaunchScreen.storyboard; sourceTree = "<group>"; };
		006058E527CE432900484645 /* Info.plist */ = {isa = PBXFileReference; lastKnownFileType = text.plist.xml; path = Info.plist; sourceTree = "<group>"; };
		006058E627CE432900484645 /* main.m */ = {isa = PBXFileReference; lastKnownFileType = sourcecode.c.objc; path = main.m; sourceTree = "<group>"; };
		006058ED27CE441F00484645 /* InSideController.h */ = {isa = PBXFileReference; lastKnownFileType = sourcecode.c.h; path = InSideController.h; sourceTree = "<group>"; };
		006058EE27CE441F00484645 /* InSideController.m */ = {isa = PBXFileReference; lastKnownFileType = sourcecode.c.objc; path = InSideController.m; sourceTree = "<group>"; };
		006058F027CE443000484645 /* OutSideController.h */ = {isa = PBXFileReference; lastKnownFileType = sourcecode.c.h; path = OutSideController.h; sourceTree = "<group>"; };
		006058F127CE443000484645 /* OutSideController.m */ = {isa = PBXFileReference; lastKnownFileType = sourcecode.c.objc; path = OutSideController.m; sourceTree = "<group>"; };
		366D172B42731EECC8C8BBE7 /* Pods_Test360LookCar.framework */ = {isa = PBXFileReference; explicitFileType = wrapper.framework; includeInIndex = 0; path = Pods_Test360LookCar.framework; sourceTree = BUILT_PRODUCTS_DIR; };
		480AB6EFF4ED8AF5EDEF5424 /* Pods-Test360LookCar.release.xcconfig */ = {isa = PBXFileReference; includeInIndex = 1; lastKnownFileType = text.xcconfig; name = "Pods-Test360LookCar.release.xcconfig"; path = "Target Support Files/Pods-Test360LookCar/Pods-Test360LookCar.release.xcconfig"; sourceTree = "<group>"; };
		D422C5858549ABB5FEC5F99F /* Pods-Test360LookCar.debug.xcconfig */ = {isa = PBXFileReference; includeInIndex = 1; lastKnownFileType = text.xcconfig; name = "Pods-Test360LookCar.debug.xcconfig"; path = "Target Support Files/Pods-Test360LookCar/Pods-Test360LookCar.debug.xcconfig"; sourceTree = "<group>"; };
/* End PBXFileReference section */

/* Begin PBXFrameworksBuildPhase section */
		006058CE27CE432700484645 /* Frameworks */ = {
			isa = PBXFrameworksBuildPhase;
			buildActionMask = 2147483647;
			files = (
				B35AF1D32878B785CCD16761 /* Pods_Test360LookCar.framework in Frameworks */,
			);
			runOnlyForDeploymentPostprocessing = 0;
		};
/* End PBXFrameworksBuildPhase section */

/* Begin PBXGroup section */
		006058C827CE432700484645 = {
			isa = PBXGroup;
			children = (
				006058D327CE432700484645 /* Test360LookCar */,
				006058D227CE432700484645 /* Products */,
				A806C072B303201CB0298B6A /* Pods */,
				5C748E59ED37CF74CAAF28C7 /* Frameworks */,
			);
			sourceTree = "<group>";
		};
		006058D227CE432700484645 /* Products */ = {
			isa = PBXGroup;
			children = (
				006058D127CE432700484645 /* Test360LookCar.app */,
			);
			name = Products;
			sourceTree = "<group>";
		};
		006058D327CE432700484645 /* Test360LookCar */ = {
			isa = PBXGroup;
			children = (
				006058D427CE432700484645 /* AppDelegate.h */,
				006058D527CE432700484645 /* AppDelegate.m */,
				006058DA27CE432700484645 /* ViewController.h */,
				006058DB27CE432700484645 /* ViewController.m */,
				006058ED27CE441F00484645 /* InSideController.h */,
				006058EE27CE441F00484645 /* InSideController.m */,
				006058F027CE443000484645 /* OutSideController.h */,
				006058F127CE443000484645 /* OutSideController.m */,
				006058DD27CE432700484645 /* Main.storyboard */,
				006058E027CE432900484645 /* Assets.xcassets */,
				006058E227CE432900484645 /* LaunchScreen.storyboard */,
				006058E527CE432900484645 /* Info.plist */,
				006058E627CE432900484645 /* main.m */,
			);
			path = Test360LookCar;
			sourceTree = "<group>";
		};
		5C748E59ED37CF74CAAF28C7 /* Frameworks */ = {
			isa = PBXGroup;
			children = (
				366D172B42731EECC8C8BBE7 /* Pods_Test360LookCar.framework */,
			);
			name = Frameworks;
			sourceTree = "<group>";
		};
		A806C072B303201CB0298B6A /* Pods */ = {
			isa = PBXGroup;
			children = (
				D422C5858549ABB5FEC5F99F /* Pods-Test360LookCar.debug.xcconfig */,
				480AB6EFF4ED8AF5EDEF5424 /* Pods-Test360LookCar.release.xcconfig */,
			);
			path = Pods;
			sourceTree = "<group>";
		};
/* End PBXGroup section */

/* Begin PBXNativeTarget section */
		006058D027CE432700484645 /* Test360LookCar */ = {
			isa = PBXNativeTarget;
			buildConfigurationList = 006058EA27CE432900484645 /* Build configuration list for PBXNativeTarget "Test360LookCar" */;
			buildPhases = (
				E61ED6D8D62D304D98E9731E /* [CP] Check Pods Manifest.lock */,
				006058CD27CE432700484645 /* Sources */,
				006058CE27CE432700484645 /* Frameworks */,
				006058CF27CE432700484645 /* Resources */,
				061330D70B6F800ABD2BBBA0 /* [CP] Embed Pods Frameworks */,
			);
			buildRules = (
			);
			dependencies = (
			);
			name = Test360LookCar;
			productName = Test360LookCar;
			productReference = 006058D127CE432700484645 /* Test360LookCar.app */;
			productType = "com.apple.product-type.application";
		};
/* End PBXNativeTarget section */

/* Begin PBXProject section */
		006058C927CE432700484645 /* Project object */ = {
			isa = PBXProject;
			attributes = {
				BuildIndependentTargetsInParallel = 1;
				LastUpgradeCheck = 1320;
				TargetAttributes = {
					006058D027CE432700484645 = {
						CreatedOnToolsVersion = 13.2.1;
					};
				};
			};
			buildConfigurationList = 006058CC27CE432700484645 /* Build configuration list for PBXProject "Test360LookCar" */;
			compatibilityVersion = "Xcode 13.0";
			developmentRegion = en;
			hasScannedForEncodings = 0;
			knownRegions = (
				en,
				Base,
			);
			mainGroup = 006058C827CE432700484645;
			productRefGroup = 006058D227CE432700484645 /* Products */;
			projectDirPath = "";
			projectRoot = "";
			targets = (
				006058D027CE432700484645 /* Test360LookCar */,
			);
		};
/* End PBXProject section */

/* Begin PBXResourcesBuildPhase section */
		006058CF27CE432700484645 /* Resources */ = {
			isa = PBXResourcesBuildPhase;
			buildActionMask = 2147483647;
			files = (
				006058E427CE432900484645 /* LaunchScreen.storyboard in Resources */,
				006058E127CE432900484645 /* Assets.xcassets in Resources */,
				006058DF27CE432700484645 /* Main.storyboard in Resources */,
			);
			runOnlyForDeploymentPostprocessing = 0;
		};
/* End PBXResourcesBuildPhase section */

/* Begin PBXShellScriptBuildPhase section */
		061330D70B6F800ABD2BBBA0 /* [CP] Embed Pods Frameworks */ = {
			isa = PBXShellScriptBuildPhase;
			buildActionMask = 2147483647;
			files = (
			);
			inputFileListPaths = (
				"${PODS_ROOT}/Target Support Files/Pods-Test360LookCar/Pods-Test360LookCar-frameworks-${CONFIGURATION}-input-files.xcfilelist",
			);
			name = "[CP] Embed Pods Frameworks";
			outputFileListPaths = (
				"${PODS_ROOT}/Target Support Files/Pods-Test360LookCar/Pods-Test360LookCar-frameworks-${CONFIGURATION}-output-files.xcfilelist",
			);
			runOnlyForDeploymentPostprocessing = 0;
			shellPath = /bin/sh;
			shellScript = "\"${PODS_ROOT}/Target Support Files/Pods-Test360LookCar/Pods-Test360LookCar-frameworks.sh\"\n";
			showEnvVarsInLog = 0;
		};
		E61ED6D8D62D304D98E9731E /* [CP] Check Pods Manifest.lock */ = {
			isa = PBXShellScriptBuildPhase;
			buildActionMask = 2147483647;
			files = (
			);
			inputFileListPaths = (
			);
			inputPaths = (
				"${PODS_PODFILE_DIR_PATH}/Podfile.lock",
				"${PODS_ROOT}/Manifest.lock",
			);
			name = "[CP] Check Pods Manifest.lock";
			outputFileListPaths = (
			);
			outputPaths = (
				"$(DERIVED_FILE_DIR)/Pods-Test360LookCar-checkManifestLockResult.txt",
			);
			runOnlyForDeploymentPostprocessing = 0;
			shellPath = /bin/sh;
			shellScript = "diff \"${PODS_PODFILE_DIR_PATH}/Podfile.lock\" \"${PODS_ROOT}/Manifest.lock\" > /dev/null\nif [ $? != 0 ] ; then\n    # print error to STDERR\n    echo \"error: The sandbox is not in sync with the Podfile.lock. Run 'pod install' or update your CocoaPods installation.\" >&2\n    exit 1\nfi\n# This output is used by Xcode 'outputs' to avoid re-running this script phase.\necho \"SUCCESS\" > \"${SCRIPT_OUTPUT_FILE_0}\"\n";
			showEnvVarsInLog = 0;
		};
/* End PBXShellScriptBuildPhase section */

/* Begin PBXSourcesBuildPhase section */
		006058CD27CE432700484645 /* Sources */ = {
			isa = PBXSourcesBuildPhase;
			buildActionMask = 2147483647;
			files = (
				006058DC27CE432700484645 /* ViewController.m in Sources */,
				006058F227CE443000484645 /* OutSideController.m in Sources */,
				006058D627CE432700484645 /* AppDelegate.m in Sources */,
				006058E727CE432900484645 /* main.m in Sources */,
				006058EF27CE441F00484645 /* InSideController.m in Sources */,
			);
			runOnlyForDeploymentPostprocessing = 0;
		};
/* End PBXSourcesBuildPhase section */

/* Begin PBXVariantGroup section */
		006058DD27CE432700484645 /* Main.storyboard */ = {
			isa = PBXVariantGroup;
			children = (
				006058DE27CE432700484645 /* Base */,
			);
			name = Main.storyboard;
			sourceTree = "<group>";
		};
		006058E227CE432900484645 /* LaunchScreen.storyboard */ = {
			isa = PBXVariantGroup;
			children = (
				006058E327CE432900484645 /* Base */,
			);
			name = LaunchScreen.storyboard;
			sourceTree = "<group>";
		};
/* End PBXVariantGroup section */

/* Begin XCBuildConfiguration section */
		006058E827CE432900484645 /* Debug */ = {
			isa = XCBuildConfiguration;
			buildSettings = {
				ALWAYS_SEARCH_USER_PATHS = NO;
				CLANG_ANALYZER_NONNULL = YES;
				CLANG_ANALYZER_NUMBER_OBJECT_CONVERSION = YES_AGGRESSIVE;
				CLANG_CXX_LANGUAGE_STANDARD = "gnu++17";
				CLANG_CXX_LIBRARY = "libc++";
				CLANG_ENABLE_MODULES = YES;
				CLANG_ENABLE_OBJC_ARC = YES;
				CLANG_ENABLE_OBJC_WEAK = YES;
				CLANG_WARN_BLOCK_CAPTURE_AUTORELEASING = YES;
				CLANG_WARN_BOOL_CONVERSION = YES;
				CLANG_WARN_COMMA = YES;
				CLANG_WARN_CONSTANT_CONVERSION = YES;
				CLANG_WARN_DEPRECATED_OBJC_IMPLEMENTATIONS = YES;
				CLANG_WARN_DIRECT_OBJC_ISA_USAGE = YES_ERROR;
				CLANG_WARN_DOCUMENTATION_COMMENTS = YES;
				CLANG_WARN_EMPTY_BODY = YES;
				CLANG_WARN_ENUM_CONVERSION = YES;
				CLANG_WARN_INFINITE_RECURSION = YES;
				CLANG_WARN_INT_CONVERSION = YES;
				CLANG_WARN_NON_LITERAL_NULL_CONVERSION = YES;
				CLANG_WARN_OBJC_IMPLICIT_RETAIN_SELF = YES;
				CLANG_WARN_OBJC_LITERAL_CONVERSION = YES;
				CLANG_WARN_OBJC_ROOT_CLASS = YES_ERROR;
				CLANG_WARN_QUOTED_INCLUDE_IN_FRAMEWORK_HEADER = YES;
				CLANG_WARN_RANGE_LOOP_ANALYSIS = YES;
				CLANG_WARN_STRICT_PROTOTYPES = YES;
				CLANG_WARN_SUSPICIOUS_MOVE = YES;
				CLANG_WARN_UNGUARDED_AVAILABILITY = YES_AGGRESSIVE;
				CLANG_WARN_UNREACHABLE_CODE = YES;
				CLANG_WARN__DUPLICATE_METHOD_MATCH = YES;
				COPY_PHASE_STRIP = NO;
				DEBUG_INFORMATION_FORMAT = dwarf;
				ENABLE_STRICT_OBJC_MSGSEND = YES;
				ENABLE_TESTABILITY = YES;
				GCC_C_LANGUAGE_STANDARD = gnu11;
				GCC_DYNAMIC_NO_PIC = NO;
				GCC_NO_COMMON_BLOCKS = YES;
				GCC_OPTIMIZATION_LEVEL = 0;
				GCC_PREPROCESSOR_DEFINITIONS = (
					"DEBUG=1",
					"$(inherited)",
				);
				GCC_WARN_64_TO_32_BIT_CONVERSION = YES;
				GCC_WARN_ABOUT_RETURN_TYPE = YES_ERROR;
				GCC_WARN_UNDECLARED_SELECTOR = YES;
				GCC_WARN_UNINITIALIZED_AUTOS = YES_AGGRESSIVE;
				GCC_WARN_UNUSED_FUNCTION = YES;
				GCC_WARN_UNUSED_VARIABLE = YES;
				IPHONEOS_DEPLOYMENT_TARGET = 11.0;
				MTL_ENABLE_DEBUG_INFO = INCLUDE_SOURCE;
				MTL_FAST_MATH = YES;
				ONLY_ACTIVE_ARCH = YES;
				SDKROOT = iphoneos;
			};
			name = Debug;
		};
		006058E927CE432900484645 /* Release */ = {
			isa = XCBuildConfiguration;
			buildSettings = {
				ALWAYS_SEARCH_USER_PATHS = NO;
				CLANG_ANALYZER_NONNULL = YES;
				CLANG_ANALYZER_NUMBER_OBJECT_CONVERSION = YES_AGGRESSIVE;
				CLANG_CXX_LANGUAGE_STANDARD = "gnu++17";
				CLANG_CXX_LIBRARY = "libc++";
				CLANG_ENABLE_MODULES = YES;
				CLANG_ENABLE_OBJC_ARC = YES;
				CLANG_ENABLE_OBJC_WEAK = YES;
				CLANG_WARN_BLOCK_CAPTURE_AUTORELEASING = YES;
				CLANG_WARN_BOOL_CONVERSION = YES;
				CLANG_WARN_COMMA = YES;
				CLANG_WARN_CONSTANT_CONVERSION = YES;
				CLANG_WARN_DEPRECATED_OBJC_IMPLEMENTATIONS = YES;
				CLANG_WARN_DIRECT_OBJC_ISA_USAGE = YES_ERROR;
				CLANG_WARN_DOCUMENTATION_COMMENTS = YES;
				CLANG_WARN_EMPTY_BODY = YES;
				CLANG_WARN_ENUM_CONVERSION = YES;
				CLANG_WARN_INFINITE_RECURSION = YES;
				CLANG_WARN_INT_CONVERSION = YES;
				CLANG_WARN_NON_LITERAL_NULL_CONVERSION = YES;
				CLANG_WARN_OBJC_IMPLICIT_RETAIN_SELF = YES;
				CLANG_WARN_OBJC_LITERAL_CONVERSION = YES;
				CLANG_WARN_OBJC_ROOT_CLASS = YES_ERROR;
				CLANG_WARN_QUOTED_INCLUDE_IN_FRAMEWORK_HEADER = YES;
				CLANG_WARN_RANGE_LOOP_ANALYSIS = YES;
				CLANG_WARN_STRICT_PROTOTYPES = YES;
				CLANG_WARN_SUSPICIOUS_MOVE = YES;
				CLANG_WARN_UNGUARDED_AVAILABILITY = YES_AGGRESSIVE;
				CLANG_WARN_UNREACHABLE_CODE = YES;
				CLANG_WARN__DUPLICATE_METHOD_MATCH = YES;
				COPY_PHASE_STRIP = NO;
				DEBUG_INFORMATION_FORMAT = "dwarf-with-dsym";
				ENABLE_NS_ASSERTIONS = NO;
				ENABLE_STRICT_OBJC_MSGSEND = YES;
				GCC_C_LANGUAGE_STANDARD = gnu11;
				GCC_NO_COMMON_BLOCKS = YES;
				GCC_WARN_64_TO_32_BIT_CONVERSION = YES;
				GCC_WARN_ABOUT_RETURN_TYPE = YES_ERROR;
				GCC_WARN_UNDECLARED_SELECTOR = YES;
				GCC_WARN_UNINITIALIZED_AUTOS = YES_AGGRESSIVE;
				GCC_WARN_UNUSED_FUNCTION = YES;
				GCC_WARN_UNUSED_VARIABLE = YES;
				IPHONEOS_DEPLOYMENT_TARGET = 11.0;
				MTL_ENABLE_DEBUG_INFO = NO;
				MTL_FAST_MATH = YES;
				SDKROOT = iphoneos;
				VALIDATE_PRODUCT = YES;
			};
			name = Release;
		};
		006058EB27CE432900484645 /* Debug */ = {
			isa = XCBuildConfiguration;
			baseConfigurationReference = D422C5858549ABB5FEC5F99F /* Pods-Test360LookCar.debug.xcconfig */;
			buildSettings = {
				ASSETCATALOG_COMPILER_APPICON_NAME = AppIcon;
				ASSETCATALOG_COMPILER_GLOBAL_ACCENT_COLOR_NAME = AccentColor;
				CODE_SIGN_STYLE = Automatic;
				CURRENT_PROJECT_VERSION = 1;
				DEVELOPMENT_TEAM = 3GNFHDA498;
				GENERATE_INFOPLIST_FILE = YES;
				INFOPLIST_FILE = Test360LookCar/Info.plist;
				INFOPLIST_KEY_UIApplicationSupportsIndirectInputEvents = YES;
				INFOPLIST_KEY_UILaunchStoryboardName = LaunchScreen;
				INFOPLIST_KEY_UIMainStoryboardFile = Main;
				INFOPLIST_KEY_UISupportedInterfaceOrientations = UIInterfaceOrientationPortrait;
				INFOPLIST_KEY_UISupportedInterfaceOrientations_iPad = "UIInterfaceOrientationPortrait UIInterfaceOrientationPortraitUpsideDown UIInterfaceOrientationLandscapeLeft UIInterfaceOrientationLandscapeRight";
				INFOPLIST_KEY_UISupportedInterfaceOrientations_iPhone = "UIInterfaceOrientationPortrait UIInterfaceOrientationLandscapeLeft UIInterfaceOrientationLandscapeRight";
				IPHONEOS_DEPLOYMENT_TARGET = 11.0;
				LD_RUNPATH_SEARCH_PATHS = (
					"$(inherited)",
					"@executable_path/Frameworks",
				);
				MARKETING_VERSION = 1.0;
				PRODUCT_BUNDLE_IDENTIFIER = com.xiaopeng.XiaoPengQiChe.International;
				PRODUCT_NAME = "$(TARGET_NAME)";
				SWIFT_EMIT_LOC_STRINGS = YES;
				TARGETED_DEVICE_FAMILY = 1;
			};
			name = Debug;
		};
		006058EC27CE432900484645 /* Release */ = {
			isa = XCBuildConfiguration;
			baseConfigurationReference = 480AB6EFF4ED8AF5EDEF5424 /* Pods-Test360LookCar.release.xcconfig */;
			buildSettings = {
				ASSETCATALOG_COMPILER_APPICON_NAME = AppIcon;
				ASSETCATALOG_COMPILER_GLOBAL_ACCENT_COLOR_NAME = AccentColor;
				CODE_SIGN_STYLE = Automatic;
				CURRENT_PROJECT_VERSION = 1;
				DEVELOPMENT_TEAM = 3GNFHDA498;
				GENERATE_INFOPLIST_FILE = YES;
				INFOPLIST_FILE = Test360LookCar/Info.plist;
				INFOPLIST_KEY_UIApplicationSupportsIndirectInputEvents = YES;
				INFOPLIST_KEY_UILaunchStoryboardName = LaunchScreen;
				INFOPLIST_KEY_UIMainStoryboardFile = Main;
				INFOPLIST_KEY_UISupportedInterfaceOrientations = UIInterfaceOrientationPortrait;
				INFOPLIST_KEY_UISupportedInterfaceOrientations_iPad = "UIInterfaceOrientationPortrait UIInterfaceOrientationPortraitUpsideDown UIInterfaceOrientationLandscapeLeft UIInterfaceOrientationLandscapeRight";
				INFOPLIST_KEY_UISupportedInterfaceOrientations_iPhone = "UIInterfaceOrientationPortrait UIInterfaceOrientationLandscapeLeft UIInterfaceOrientationLandscapeRight";
				IPHONEOS_DEPLOYMENT_TARGET = 11.0;
				LD_RUNPATH_SEARCH_PATHS = (
					"$(inherited)",
					"@executable_path/Frameworks",
				);
				MARKETING_VERSION = 1.0;
				PRODUCT_BUNDLE_IDENTIFIER = com.xiaopeng.XiaoPengQiChe.International;
				PRODUCT_NAME = "$(TARGET_NAME)";
				SWIFT_EMIT_LOC_STRINGS = YES;
				TARGETED_DEVICE_FAMILY = 1;
			};
			name = Release;
		};
/* End XCBuildConfiguration section */

/* Begin XCConfigurationList section */
		006058CC27CE432700484645 /* Build configuration list for PBXProject "Test360LookCar" */ = {
			isa = XCConfigurationList;
			buildConfigurations = (
				006058E827CE432900484645 /* Debug */,
				006058E927CE432900484645 /* Release */,
			);
			defaultConfigurationIsVisible = 0;
			defaultConfigurationName = Release;
		};
		006058EA27CE432900484645 /* Build configuration list for PBXNativeTarget "Test360LookCar" */ = {
			isa = XCConfigurationList;
			buildConfigurations = (
				006058EB27CE432900484645 /* Debug */,
				006058EC27CE432900484645 /* Release */,
			);
			defaultConfigurationIsVisible = 0;
			defaultConfigurationName = Release;
		};
/* End XCConfigurationList section */
	};
	rootObject = 006058C927CE432700484645 /* Project object */;
}
